
Microsoft Visual Studio Solution File, Format Version 12.00
# Visual Studio Version 17
VisualStudioVersion = 17.6.33801.468
MinimumVisualStudioVersion = 10.0.40219.1
Project("{FAE04EC0-301F-11D3-BF4B-00C04F79EFBC}") = "console", "console\console.csproj", "{A6EB40F7-238C-4B46-B6B2-FB36A9129931}"
EndProject
Project("{FAE04EC0-301F-11D3-BF4B-00C04F79EFBC}") = "logic", "logic\logic.csproj", "{AB9BA9E1-FFEC-4391-B590-A47C6EF2F705}"
EndProject
Project("{FAE04EC0-301F-11D3-BF4B-00C04F79EFBC}") = "db", "db\db.csproj", "{65B45EA4-198F-4FAB-A01C-3B0168F92BFF}"
EndProject
Global
	GlobalSection(SolutionConfigurationPlatforms) = preSolution
		Debug|Any CPU = Debug|Any CPU
		Release|Any CPU = Release|Any CPU
	EndGlobalSection
	GlobalSection(ProjectConfigurationPlatforms) = postSolution
		{A6EB40F7-238C-4B46-B6B2-FB36A9129931}.Debug|Any CPU.ActiveCfg = Debug|Any CPU
		{A6EB40F7-238C-4B46-B6B2-FB36A9129931}.Debug|Any CPU.Build.0 = Debug|Any CPU
		{A6EB40F7-238C-4B46-B6B2-FB36A9129931}.Release|Any CPU.ActiveCfg = Release|Any CPU
		{A6EB40F7-238C-4B46-B6B2-FB36A9129931}.Release|Any CPU.Build.0 = Release|Any CPU
		{AB9BA9E1-FFEC-4391-B590-A47C6EF2F705}.Debug|Any CPU.ActiveCfg = Debug|Any CPU
		{AB9BA9E1-FFEC-4391-B590-A47C6EF2F705}.Debug|Any CPU.Build.0 = Debug|Any CPU
		{AB9BA9E1-FFEC-4391-B590-A47C6EF2F705}.Release|Any CPU.ActiveCfg = Release|Any CPU
		{AB9BA9E1-FFEC-4391-B590-A47C6EF2F705}.Release|Any CPU.Build.0 = Release|Any CPU
		{65B45EA4-198F-4FAB-A01C-3B0168F92BFF}.Debug|Any CPU.ActiveCfg = Debug|Any CPU
		{65B45EA4-198F-4FAB-A01C-3B0168F92BFF}.Debug|Any CPU.Build.0 = Debug|Any CPU
		{65B45EA4-198F-4FAB-A01C-3B0168F92BFF}.Release|Any CPU.ActiveCfg = Release|Any CPU
		{65B45EA4-198F-4FAB-A01C-3B0168F92BFF}.Release|Any CPU.Build.0 = Release|Any CPU
	EndGlobalSection
	GlobalSection(SolutionProperties) = preSolution
		HideSolutionNode = FALSE
	EndGlobalSection
	GlobalSection(ExtensibilityGlobals) = postSolution
		SolutionGuid = {9BE56F6A-B227-4D1E-9C9D-DFCAF9E0251F}
	EndGlobalSection
EndGlobal
